[[package]]
name = "day-01"
version = "0.1.0"
dependencies = [
 "radix_trie 0.1.4 (registry+https://github.com/rust-lang/crates.io-index)",
]

[[package]]
name = "endian-type"
version = "0.1.2"
source = "registry+https://github.com/rust-lang/crates.io-index"

[[package]]
name = "nibble_vec"
version = "0.0.4"
source = "registry+https://github.com/rust-lang/crates.io-index"

[[package]]
name = "radix_trie"
version = "0.1.4"
source = "registry+https://github.com/rust-lang/crates.io-index"
dependencies = [
 "endian-type 0.1.2 (registry+https://github.com/rust-lang/crates.io-index)",
 "nibble_vec 0.0.4 (registry+https://github.com/rust-lang/crates.io-index)",
]

[metadata]
"checksum endian-type 0.1.2 (registry+https://github.com/rust-lang/crates.io-index)" = "c34f04666d835ff5d62e058c3995147c06f42fe86ff053337632bca83e42702d"
"checksum nibble_vec 0.0.4 (registry+https://github.com/rust-lang/crates.io-index)" = "c8d77f3db4bce033f4d04db08079b2ef1c3d02b44e86f25d08886fafa7756ffa"
"checksum radix_trie 0.1.4 (registry+https://github.com/rust-lang/crates.io-index)" = "ebcf72e767017c1aa4b63d4dd0b0b836a243b648fd81d41c6bf6e850ef7a95c7"
