# This file is automatically @generated by Cargo.
# It is not intended for manual editing.
[[package]]
name = "bacon-cipher"
version = "0.2.0"
source = "registry+https://github.com/rust-lang/crates.io-index"
checksum = "2a87a3190197a756a28090ee7bccd97cc894aae09db483e55fa769cc00cead3e"

[[package]]
name = "cypher-compsci"
version = "0.1.0"
dependencies = [
 "bacon-cipher",
]
