[[package]]
name = "libc"
version = "0.2.24"
source = "registry+https://github.com/rust-lang/crates.io-index"

[[package]]
name = "log"
version = "0.3.8"
source = "registry+https://github.com/rust-lang/crates.io-index"

[[package]]
name = "tinywm-rust-xcb"
version = "0.1.0"
dependencies = [
 "xcb 0.8.1 (registry+https://github.com/rust-lang/crates.io-index)",
]

[[package]]
name = "xcb"
version = "0.8.1"
source = "registry+https://github.com/rust-lang/crates.io-index"
dependencies = [
 "libc 0.2.24 (registry+https://github.com/rust-lang/crates.io-index)",
 "log 0.3.8 (registry+https://github.com/rust-lang/crates.io-index)",
]

[metadata]
"checksum libc 0.2.24 (registry+https://github.com/rust-lang/crates.io-index)" = "38f5c2b18a287cf78b4097db62e20f43cace381dc76ae5c0a3073067f78b7ddc"
"checksum log 0.3.8 (registry+https://github.com/rust-lang/crates.io-index)" = "880f77541efa6e5cc74e76910c9884d9859683118839d6a1dc3b11e63512565b"
"checksum xcb 0.8.1 (registry+https://github.com/rust-lang/crates.io-index)" = "400cebeaedeca931825f11606874080f18aa51370dd3d7e11bc08d5aac8b3142"
