[root]
name = "rusty-keychain"
version = "0.1.0"
dependencies = [
 "clap 2.13.0 (registry+https://github.com/rust-lang/crates.io-index)",
 "clipboard 0.1.2 (registry+https://github.com/rust-lang/crates.io-index)",
 "git2 0.4.4 (registry+https://github.com/rust-lang/crates.io-index)",
 "gpgme 0.4.0 (registry+https://github.com/rust-lang/crates.io-index)",
 "libc 0.2.16 (registry+https://github.com/rust-lang/crates.io-index)",
 "log 0.3.6 (registry+https://github.com/rust-lang/crates.io-index)",
 "log4rs 0.4.8 (registry+https://github.com/rust-lang/crates.io-index)",
 "rand 0.3.14 (registry+https://github.com/rust-lang/crates.io-index)",
 "rmp 0.7.5 (registry+https://github.com/rust-lang/crates.io-index)",
 "sha2 0.1.2 (registry+https://github.com/rust-lang/crates.io-index)",
 "yaml-rust 0.3.3 (registry+https://github.com/rust-lang/crates.io-index)",
]

[[package]]
name = "ansi_term"
version = "0.9.0"
source = "registry+https://github.com/rust-lang/crates.io-index"

[[package]]
name = "antidote"
version = "1.0.0"
source = "registry+https://github.com/rust-lang/crates.io-index"

[[package]]
name = "bitflags"
version = "0.1.1"
source = "registry+https://github.com/rust-lang/crates.io-index"

[[package]]
name = "bitflags"
version = "0.3.3"
source = "registry+https://github.com/rust-lang/crates.io-index"

[[package]]
name = "bitflags"
version = "0.7.0"
source = "registry+https://github.com/rust-lang/crates.io-index"

[[package]]
name = "block"
version = "0.1.6"
source = "registry+https://github.com/rust-lang/crates.io-index"

[[package]]
name = "byteorder"
version = "0.4.2"
source = "registry+https://github.com/rust-lang/crates.io-index"

[[package]]
name = "chrono"
version = "0.2.25"
source = "registry+https://github.com/rust-lang/crates.io-index"
dependencies = [
 "num 0.1.35 (registry+https://github.com/rust-lang/crates.io-index)",
 "time 0.1.35 (registry+https://github.com/rust-lang/crates.io-index)",
]

[[package]]
name = "clap"
version = "2.13.0"
source = "registry+https://github.com/rust-lang/crates.io-index"
dependencies = [
 "ansi_term 0.9.0 (registry+https://github.com/rust-lang/crates.io-index)",
 "bitflags 0.7.0 (registry+https://github.com/rust-lang/crates.io-index)",
 "libc 0.2.16 (registry+https://github.com/rust-lang/crates.io-index)",
 "strsim 0.5.1 (registry+https://github.com/rust-lang/crates.io-index)",
 "term_size 0.2.1 (registry+https://github.com/rust-lang/crates.io-index)",
 "unicode-segmentation 0.1.2 (registry+https://github.com/rust-lang/crates.io-index)",
 "unicode-width 0.1.3 (registry+https://github.com/rust-lang/crates.io-index)",
 "vec_map 0.6.0 (registry+https://github.com/rust-lang/crates.io-index)",
]

[[package]]
name = "clipboard"
version = "0.1.2"
source = "registry+https://github.com/rust-lang/crates.io-index"
dependencies = [
 "clipboard-win 1.8.0 (registry+https://github.com/rust-lang/crates.io-index)",
 "objc 0.2.1 (registry+https://github.com/rust-lang/crates.io-index)",
 "objc-foundation 0.1.1 (registry+https://github.com/rust-lang/crates.io-index)",
 "objc_id 0.1.0 (registry+https://github.com/rust-lang/crates.io-index)",
 "x11 2.8.0 (registry+https://github.com/rust-lang/crates.io-index)",
]

[[package]]
name = "clipboard-win"
version = "1.8.0"
source = "registry+https://github.com/rust-lang/crates.io-index"
dependencies = [
 "kernel32-sys 0.2.2 (registry+https://github.com/rust-lang/crates.io-index)",
 "user32-sys 0.2.0 (registry+https://github.com/rust-lang/crates.io-index)",
 "winapi 0.2.8 (registry+https://github.com/rust-lang/crates.io-index)",
 "windows-error 1.0.0 (registry+https://github.com/rust-lang/crates.io-index)",
]

[[package]]
name = "cmake"
version = "0.1.17"
source = "registry+https://github.com/rust-lang/crates.io-index"
dependencies = [
 "gcc 0.3.35 (registry+https://github.com/rust-lang/crates.io-index)",
]

[[package]]
name = "crossbeam"
version = "0.2.10"
source = "registry+https://github.com/rust-lang/crates.io-index"

[[package]]
name = "gcc"
version = "0.3.35"
source = "registry+https://github.com/rust-lang/crates.io-index"

[[package]]
name = "gdi32-sys"
version = "0.2.0"
source = "registry+https://github.com/rust-lang/crates.io-index"
dependencies = [
 "winapi 0.2.8 (registry+https://github.com/rust-lang/crates.io-index)",
 "winapi-build 0.1.1 (registry+https://github.com/rust-lang/crates.io-index)",
]

[[package]]
name = "git2"
version = "0.4.4"
source = "registry+https://github.com/rust-lang/crates.io-index"
dependencies = [
 "bitflags 0.1.1 (registry+https://github.com/rust-lang/crates.io-index)",
 "libc 0.2.16 (registry+https://github.com/rust-lang/crates.io-index)",
 "libgit2-sys 0.4.5 (registry+https://github.com/rust-lang/crates.io-index)",
 "url 1.2.0 (registry+https://github.com/rust-lang/crates.io-index)",
]

[[package]]
name = "gpg-error"
version = "0.1.3"
source = "registry+https://github.com/rust-lang/crates.io-index"
dependencies = [
 "libgpg-error-sys 0.1.2 (registry+https://github.com/rust-lang/crates.io-index)",
]

[[package]]
name = "gpgme"
version = "0.4.0"
source = "registry+https://github.com/rust-lang/crates.io-index"
dependencies = [
 "bitflags 0.3.3 (registry+https://github.com/rust-lang/crates.io-index)",
 "gpg-error 0.1.3 (registry+https://github.com/rust-lang/crates.io-index)",
 "gpgme-sys 0.2.0 (registry+https://github.com/rust-lang/crates.io-index)",
 "lazy_static 0.1.16 (registry+https://github.com/rust-lang/crates.io-index)",
 "libc 0.1.12 (registry+https://github.com/rust-lang/crates.io-index)",
]

[[package]]
name = "gpgme-sys"
version = "0.2.0"
source = "registry+https://github.com/rust-lang/crates.io-index"
dependencies = [
 "libc 0.1.12 (registry+https://github.com/rust-lang/crates.io-index)",
 "libgpg-error-sys 0.1.2 (registry+https://github.com/rust-lang/crates.io-index)",
]

[[package]]
name = "humantime"
version = "0.1.3"
source = "registry+https://github.com/rust-lang/crates.io-index"
dependencies = [
 "quick-error 1.1.0 (registry+https://github.com/rust-lang/crates.io-index)",
]

[[package]]
name = "idna"
version = "0.1.0"
source = "registry+https://github.com/rust-lang/crates.io-index"
dependencies = [
 "matches 0.1.2 (registry+https://github.com/rust-lang/crates.io-index)",
 "unicode-bidi 0.2.3 (registry+https://github.com/rust-lang/crates.io-index)",
 "unicode-normalization 0.1.2 (registry+https://github.com/rust-lang/crates.io-index)",
]

[[package]]
name = "kernel32-sys"
version = "0.2.2"
source = "registry+https://github.com/rust-lang/crates.io-index"
dependencies = [
 "winapi 0.2.8 (registry+https://github.com/rust-lang/crates.io-index)",
 "winapi-build 0.1.1 (registry+https://github.com/rust-lang/crates.io-index)",
]

[[package]]
name = "lazy_static"
version = "0.1.16"
source = "registry+https://github.com/rust-lang/crates.io-index"

[[package]]
name = "libc"
version = "0.1.12"
source = "registry+https://github.com/rust-lang/crates.io-index"

[[package]]
name = "libc"
version = "0.2.16"
source = "registry+https://github.com/rust-lang/crates.io-index"

[[package]]
name = "libgit2-sys"
version = "0.4.5"
source = "registry+https://github.com/rust-lang/crates.io-index"
dependencies = [
 "cmake 0.1.17 (registry+https://github.com/rust-lang/crates.io-index)",
 "gcc 0.3.35 (registry+https://github.com/rust-lang/crates.io-index)",
 "libc 0.2.16 (registry+https://github.com/rust-lang/crates.io-index)",
 "libssh2-sys 0.1.39 (registry+https://github.com/rust-lang/crates.io-index)",
 "libz-sys 1.0.6 (registry+https://github.com/rust-lang/crates.io-index)",
 "openssl-sys 0.7.17 (registry+https://github.com/rust-lang/crates.io-index)",
 "pkg-config 0.3.8 (registry+https://github.com/rust-lang/crates.io-index)",
]

[[package]]
name = "libgpg-error-sys"
version = "0.1.2"
source = "registry+https://github.com/rust-lang/crates.io-index"

[[package]]
name = "libressl-pnacl-sys"
version = "2.1.6"
source = "registry+https://github.com/rust-lang/crates.io-index"
dependencies = [
 "pnacl-build-helper 1.4.10 (registry+https://github.com/rust-lang/crates.io-index)",
]

[[package]]
name = "libssh2-sys"
version = "0.1.39"
source = "registry+https://github.com/rust-lang/crates.io-index"
dependencies = [
 "cmake 0.1.17 (registry+https://github.com/rust-lang/crates.io-index)",
 "libc 0.2.16 (registry+https://github.com/rust-lang/crates.io-index)",
 "libz-sys 1.0.6 (registry+https://github.com/rust-lang/crates.io-index)",
 "openssl-sys 0.7.17 (registry+https://github.com/rust-lang/crates.io-index)",
 "pkg-config 0.3.8 (registry+https://github.com/rust-lang/crates.io-index)",
]

[[package]]
name = "libz-sys"
version = "1.0.6"
source = "registry+https://github.com/rust-lang/crates.io-index"
dependencies = [
 "gcc 0.3.35 (registry+https://github.com/rust-lang/crates.io-index)",
 "libc 0.2.16 (registry+https://github.com/rust-lang/crates.io-index)",
 "pkg-config 0.3.8 (registry+https://github.com/rust-lang/crates.io-index)",
]

[[package]]
name = "log"
version = "0.3.6"
source = "registry+https://github.com/rust-lang/crates.io-index"

[[package]]
name = "log4rs"
version = "0.4.8"
source = "registry+https://github.com/rust-lang/crates.io-index"
dependencies = [
 "antidote 1.0.0 (registry+https://github.com/rust-lang/crates.io-index)",
 "chrono 0.2.25 (registry+https://github.com/rust-lang/crates.io-index)",
 "crossbeam 0.2.10 (registry+https://github.com/rust-lang/crates.io-index)",
 "humantime 0.1.3 (registry+https://github.com/rust-lang/crates.io-index)",
 "kernel32-sys 0.2.2 (registry+https://github.com/rust-lang/crates.io-index)",
 "libc 0.2.16 (registry+https://github.com/rust-lang/crates.io-index)",
 "log 0.3.6 (registry+https://github.com/rust-lang/crates.io-index)",
 "serde 0.7.15 (registry+https://github.com/rust-lang/crates.io-index)",
 "serde-value 0.2.1 (registry+https://github.com/rust-lang/crates.io-index)",
 "serde_yaml 0.2.5 (registry+https://github.com/rust-lang/crates.io-index)",
 "typemap 0.3.3 (registry+https://github.com/rust-lang/crates.io-index)",
 "winapi 0.2.8 (registry+https://github.com/rust-lang/crates.io-index)",
]

[[package]]
name = "malloc_buf"
version = "0.0.6"
source = "registry+https://github.com/rust-lang/crates.io-index"
dependencies = [
 "libc 0.1.12 (registry+https://github.com/rust-lang/crates.io-index)",
]

[[package]]
name = "matches"
version = "0.1.2"
source = "registry+https://github.com/rust-lang/crates.io-index"

[[package]]
name = "num"
version = "0.1.35"
source = "registry+https://github.com/rust-lang/crates.io-index"
dependencies = [
 "num-integer 0.1.32 (registry+https://github.com/rust-lang/crates.io-index)",
 "num-iter 0.1.32 (registry+https://github.com/rust-lang/crates.io-index)",
 "num-traits 0.1.35 (registry+https://github.com/rust-lang/crates.io-index)",
]

[[package]]
name = "num-integer"
version = "0.1.32"
source = "registry+https://github.com/rust-lang/crates.io-index"
dependencies = [
 "num-traits 0.1.35 (registry+https://github.com/rust-lang/crates.io-index)",
]

[[package]]
name = "num-iter"
version = "0.1.32"
source = "registry+https://github.com/rust-lang/crates.io-index"
dependencies = [
 "num-integer 0.1.32 (registry+https://github.com/rust-lang/crates.io-index)",
 "num-traits 0.1.35 (registry+https://github.com/rust-lang/crates.io-index)",
]

[[package]]
name = "num-traits"
version = "0.1.35"
source = "registry+https://github.com/rust-lang/crates.io-index"

[[package]]
name = "objc"
version = "0.2.1"
source = "registry+https://github.com/rust-lang/crates.io-index"
dependencies = [
 "malloc_buf 0.0.6 (registry+https://github.com/rust-lang/crates.io-index)",
]

[[package]]
name = "objc-foundation"
version = "0.1.1"
source = "registry+https://github.com/rust-lang/crates.io-index"
dependencies = [
 "block 0.1.6 (registry+https://github.com/rust-lang/crates.io-index)",
 "objc 0.2.1 (registry+https://github.com/rust-lang/crates.io-index)",
 "objc_id 0.1.0 (registry+https://github.com/rust-lang/crates.io-index)",
]

[[package]]
name = "objc_id"
version = "0.1.0"
source = "registry+https://github.com/rust-lang/crates.io-index"
dependencies = [
 "objc 0.2.1 (registry+https://github.com/rust-lang/crates.io-index)",
]

[[package]]
name = "openssl-sys"
version = "0.7.17"
source = "registry+https://github.com/rust-lang/crates.io-index"
dependencies = [
 "gdi32-sys 0.2.0 (registry+https://github.com/rust-lang/crates.io-index)",
 "libc 0.2.16 (registry+https://github.com/rust-lang/crates.io-index)",
 "libressl-pnacl-sys 2.1.6 (registry+https://github.com/rust-lang/crates.io-index)",
 "pkg-config 0.3.8 (registry+https://github.com/rust-lang/crates.io-index)",
 "user32-sys 0.2.0 (registry+https://github.com/rust-lang/crates.io-index)",
]

[[package]]
name = "ordered-float"
version = "0.1.0"
source = "registry+https://github.com/rust-lang/crates.io-index"
dependencies = [
 "num 0.1.35 (registry+https://github.com/rust-lang/crates.io-index)",
]

[[package]]
name = "pkg-config"
version = "0.3.8"
source = "registry+https://github.com/rust-lang/crates.io-index"

[[package]]
name = "pnacl-build-helper"
version = "1.4.10"
source = "registry+https://github.com/rust-lang/crates.io-index"
dependencies = [
 "tempdir 0.3.5 (registry+https://github.com/rust-lang/crates.io-index)",
]

[[package]]
name = "quick-error"
version = "1.1.0"
source = "registry+https://github.com/rust-lang/crates.io-index"

[[package]]
name = "rand"
version = "0.3.14"
source = "registry+https://github.com/rust-lang/crates.io-index"
dependencies = [
 "libc 0.2.16 (registry+https://github.com/rust-lang/crates.io-index)",
]

[[package]]
name = "rmp"
version = "0.7.5"
source = "registry+https://github.com/rust-lang/crates.io-index"
dependencies = [
 "byteorder 0.4.2 (registry+https://github.com/rust-lang/crates.io-index)",
]

[[package]]
name = "rustc-serialize"
version = "0.3.19"
source = "registry+https://github.com/rust-lang/crates.io-index"

[[package]]
name = "serde"
version = "0.7.15"
source = "registry+https://github.com/rust-lang/crates.io-index"

[[package]]
name = "serde-value"
version = "0.2.1"
source = "registry+https://github.com/rust-lang/crates.io-index"
dependencies = [
 "ordered-float 0.1.0 (registry+https://github.com/rust-lang/crates.io-index)",
 "serde 0.7.15 (registry+https://github.com/rust-lang/crates.io-index)",
]

[[package]]
name = "serde_yaml"
version = "0.2.5"
source = "registry+https://github.com/rust-lang/crates.io-index"
dependencies = [
 "serde 0.7.15 (registry+https://github.com/rust-lang/crates.io-index)",
 "yaml-rust 0.3.3 (registry+https://github.com/rust-lang/crates.io-index)",
]

[[package]]
name = "sha2"
version = "0.1.2"
source = "registry+https://github.com/rust-lang/crates.io-index"
dependencies = [
 "rustc-serialize 0.3.19 (registry+https://github.com/rust-lang/crates.io-index)",
]

[[package]]
name = "strsim"
version = "0.5.1"
source = "registry+https://github.com/rust-lang/crates.io-index"

[[package]]
name = "tempdir"
version = "0.3.5"
source = "registry+https://github.com/rust-lang/crates.io-index"
dependencies = [
 "rand 0.3.14 (registry+https://github.com/rust-lang/crates.io-index)",
]

[[package]]
name = "term_size"
version = "0.2.1"
source = "registry+https://github.com/rust-lang/crates.io-index"
dependencies = [
 "kernel32-sys 0.2.2 (registry+https://github.com/rust-lang/crates.io-index)",
 "libc 0.2.16 (registry+https://github.com/rust-lang/crates.io-index)",
 "winapi 0.2.8 (registry+https://github.com/rust-lang/crates.io-index)",
]

[[package]]
name = "time"
version = "0.1.35"
source = "registry+https://github.com/rust-lang/crates.io-index"
dependencies = [
 "kernel32-sys 0.2.2 (registry+https://github.com/rust-lang/crates.io-index)",
 "libc 0.2.16 (registry+https://github.com/rust-lang/crates.io-index)",
 "winapi 0.2.8 (registry+https://github.com/rust-lang/crates.io-index)",
]

[[package]]
name = "traitobject"
version = "0.0.3"
source = "registry+https://github.com/rust-lang/crates.io-index"

[[package]]
name = "typemap"
version = "0.3.3"
source = "registry+https://github.com/rust-lang/crates.io-index"
dependencies = [
 "unsafe-any 0.4.1 (registry+https://github.com/rust-lang/crates.io-index)",
]

[[package]]
name = "unicode-bidi"
version = "0.2.3"
source = "registry+https://github.com/rust-lang/crates.io-index"
dependencies = [
 "matches 0.1.2 (registry+https://github.com/rust-lang/crates.io-index)",
]

[[package]]
name = "unicode-normalization"
version = "0.1.2"
source = "registry+https://github.com/rust-lang/crates.io-index"

[[package]]
name = "unicode-segmentation"
version = "0.1.2"
source = "registry+https://github.com/rust-lang/crates.io-index"

[[package]]
name = "unicode-width"
version = "0.1.3"
source = "registry+https://github.com/rust-lang/crates.io-index"

[[package]]
name = "unsafe-any"
version = "0.4.1"
source = "registry+https://github.com/rust-lang/crates.io-index"
dependencies = [
 "traitobject 0.0.3 (registry+https://github.com/rust-lang/crates.io-index)",
]

[[package]]
name = "url"
version = "1.2.0"
source = "registry+https://github.com/rust-lang/crates.io-index"
dependencies = [
 "idna 0.1.0 (registry+https://github.com/rust-lang/crates.io-index)",
 "matches 0.1.2 (registry+https://github.com/rust-lang/crates.io-index)",
]

[[package]]
name = "user32-sys"
version = "0.2.0"
source = "registry+https://github.com/rust-lang/crates.io-index"
dependencies = [
 "winapi 0.2.8 (registry+https://github.com/rust-lang/crates.io-index)",
 "winapi-build 0.1.1 (registry+https://github.com/rust-lang/crates.io-index)",
]

[[package]]
name = "vec_map"
version = "0.6.0"
source = "registry+https://github.com/rust-lang/crates.io-index"

[[package]]
name = "winapi"
version = "0.2.8"
source = "registry+https://github.com/rust-lang/crates.io-index"

[[package]]
name = "winapi-build"
version = "0.1.1"
source = "registry+https://github.com/rust-lang/crates.io-index"

[[package]]
name = "windows-error"
version = "1.0.0"
source = "registry+https://github.com/rust-lang/crates.io-index"
dependencies = [
 "kernel32-sys 0.2.2 (registry+https://github.com/rust-lang/crates.io-index)",
 "winapi 0.2.8 (registry+https://github.com/rust-lang/crates.io-index)",
]

[[package]]
name = "x11"
version = "2.8.0"
source = "registry+https://github.com/rust-lang/crates.io-index"
dependencies = [
 "libc 0.2.16 (registry+https://github.com/rust-lang/crates.io-index)",
 "pkg-config 0.3.8 (registry+https://github.com/rust-lang/crates.io-index)",
]

[[package]]
name = "yaml-rust"
version = "0.3.3"
source = "registry+https://github.com/rust-lang/crates.io-index"

[metadata]
"checksum ansi_term 0.9.0 (registry+https://github.com/rust-lang/crates.io-index)" = "23ac7c30002a5accbf7e8987d0632fa6de155b7c3d39d0067317a391e00a2ef6"
"checksum antidote 1.0.0 (registry+https://github.com/rust-lang/crates.io-index)" = "34fde25430d87a9388dadbe6e34d7f72a462c8b43ac8d309b42b0a8505d7e2a5"
"checksum bitflags 0.1.1 (registry+https://github.com/rust-lang/crates.io-index)" = "2a6577517ecd0ee0934f48a7295a89aaef3e6dfafeac404f94c0b3448518ddfe"
"checksum bitflags 0.3.3 (registry+https://github.com/rust-lang/crates.io-index)" = "32866f4d103c4e438b1db1158aa1b1a80ee078e5d77a59a2f906fd62a577389c"
"checksum bitflags 0.7.0 (registry+https://github.com/rust-lang/crates.io-index)" = "aad18937a628ec6abcd26d1489012cc0e18c21798210f491af69ded9b881106d"
"checksum block 0.1.6 (registry+https://github.com/rust-lang/crates.io-index)" = "0d8c1fef690941d3e7788d328517591fecc684c084084702d6ff1641e993699a"
"checksum byteorder 0.4.2 (registry+https://github.com/rust-lang/crates.io-index)" = "96c8b41881888cc08af32d47ac4edd52bc7fa27fef774be47a92443756451304"
"checksum chrono 0.2.25 (registry+https://github.com/rust-lang/crates.io-index)" = "9213f7cd7c27e95c2b57c49f0e69b1ea65b27138da84a170133fd21b07659c00"
"checksum clap 2.13.0 (registry+https://github.com/rust-lang/crates.io-index)" = "2887ae5b606c1fa314b9238e25a8be3fa673378415c32efc5749464f3365ee9d"
"checksum clipboard 0.1.2 (registry+https://github.com/rust-lang/crates.io-index)" = "811169a9ffda99ed1841a6db3c48cffbab9a9101376f77fee3c14a7581ab933d"
"checksum clipboard-win 1.8.0 (registry+https://github.com/rust-lang/crates.io-index)" = "238830bd83336a8620cbc1d6edf6b9222f45a2c52d02c164348fb6b466277b21"
"checksum cmake 0.1.17 (registry+https://github.com/rust-lang/crates.io-index)" = "dfcf5bcece56ef953b8ea042509e9dcbdfe97820b7e20d86beb53df30ed94978"
"checksum crossbeam 0.2.10 (registry+https://github.com/rust-lang/crates.io-index)" = "0c5ea215664ca264da8a9d9c3be80d2eaf30923c259d03e870388eb927508f97"
"checksum gcc 0.3.35 (registry+https://github.com/rust-lang/crates.io-index)" = "91ecd03771effb0c968fd6950b37e89476a578aaf1c70297d8e92b6516ec3312"
"checksum gdi32-sys 0.2.0 (registry+https://github.com/rust-lang/crates.io-index)" = "0912515a8ff24ba900422ecda800b52f4016a56251922d397c576bf92c690518"
"checksum git2 0.4.4 (registry+https://github.com/rust-lang/crates.io-index)" = "33a96eeef227403006cdb59ea6e05baad8cddde6b79abed753d96ccee136bad2"
"checksum gpg-error 0.1.3 (registry+https://github.com/rust-lang/crates.io-index)" = "97c21efb51764c93e829ce8ec8df0a5d9be7a9ab6b03c727800fc623551ecd7c"
"checksum gpgme 0.4.0 (registry+https://github.com/rust-lang/crates.io-index)" = "c34afb482a833e856b7910df71429bca9d8c36eb1342f0ffc42e77f01ddacb21"
"checksum gpgme-sys 0.2.0 (registry+https://github.com/rust-lang/crates.io-index)" = "063248c7c93c2e8bdebb3128ee7d7e54789275c49d052f8851b4a5bb627c9a2e"
"checksum humantime 0.1.3 (registry+https://github.com/rust-lang/crates.io-index)" = "6629498cf74d09ee3c5ce8358a1b7bcca486c5b60c179c8ff532f2121573df4f"
"checksum idna 0.1.0 (registry+https://github.com/rust-lang/crates.io-index)" = "1053236e00ce4f668aeca4a769a09b3bf5a682d802abd6f3cb39374f6b162c11"
"checksum kernel32-sys 0.2.2 (registry+https://github.com/rust-lang/crates.io-index)" = "7507624b29483431c0ba2d82aece8ca6cdba9382bff4ddd0f7490560c056098d"
"checksum lazy_static 0.1.16 (registry+https://github.com/rust-lang/crates.io-index)" = "cf186d1a8aa5f5bee5fd662bc9c1b949e0259e1bcc379d1f006847b0080c7417"
"checksum libc 0.1.12 (registry+https://github.com/rust-lang/crates.io-index)" = "e32a70cf75e5846d53a673923498228bbec6a8624708a9ea5645f075d6276122"
"checksum libc 0.2.16 (registry+https://github.com/rust-lang/crates.io-index)" = "408014cace30ee0f767b1c4517980646a573ec61a57957aeeabcac8ac0a02e8d"
"checksum libgit2-sys 0.4.5 (registry+https://github.com/rust-lang/crates.io-index)" = "3293dc95169a6351c5a03eca4bf5549f3a9a06336a000315876ff1165a5fba10"
"checksum libgpg-error-sys 0.1.2 (registry+https://github.com/rust-lang/crates.io-index)" = "d4397f13e582abf8053a0394b6dc73428f343636e02c2c1969b564ca0311ecd8"
"checksum libressl-pnacl-sys 2.1.6 (registry+https://github.com/rust-lang/crates.io-index)" = "cbc058951ab6a3ef35ca16462d7642c4867e6403520811f28537a4e2f2db3e71"
"checksum libssh2-sys 0.1.39 (registry+https://github.com/rust-lang/crates.io-index)" = "1debd7e56d19655eb786f827675dc55f6d530de6d7b81e76d13d1afc635d6c07"
"checksum libz-sys 1.0.6 (registry+https://github.com/rust-lang/crates.io-index)" = "40f2df7730b5d29426c3e44ce4d088d8c5def6471c2c93ba98585b89fb201ce6"
"checksum log 0.3.6 (registry+https://github.com/rust-lang/crates.io-index)" = "ab83497bf8bf4ed2a74259c1c802351fcd67a65baa86394b6ba73c36f4838054"
"checksum log4rs 0.4.8 (registry+https://github.com/rust-lang/crates.io-index)" = "6a7074be77422e232a2f02470bdab3331187110f54f7e9c05d84741671e0583a"
"checksum malloc_buf 0.0.6 (registry+https://github.com/rust-lang/crates.io-index)" = "62bb907fe88d54d8d9ce32a3cceab4218ed2f6b7d35617cafe9adf84e43919cb"
"checksum matches 0.1.2 (registry+https://github.com/rust-lang/crates.io-index)" = "15305656809ce5a4805b1ff2946892810992197ce1270ff79baded852187942e"
"checksum num 0.1.35 (registry+https://github.com/rust-lang/crates.io-index)" = "5a9699207fab8b02bd0e56f8f06fee3f26d640303130de548898b4c9704f6d01"
"checksum num-integer 0.1.32 (registry+https://github.com/rust-lang/crates.io-index)" = "fb24d9bfb3f222010df27995441ded1e954f8f69cd35021f6bef02ca9552fb92"
"checksum num-iter 0.1.32 (registry+https://github.com/rust-lang/crates.io-index)" = "287a1c9969a847055e1122ec0ea7a5c5d6f72aad97934e131c83d5c08ab4e45c"
"checksum num-traits 0.1.35 (registry+https://github.com/rust-lang/crates.io-index)" = "8359ea48994f253fa958b5b90b013728b06f54872e5a58bce39540fcdd0f2527"
"checksum objc 0.2.1 (registry+https://github.com/rust-lang/crates.io-index)" = "7c9311aa5acd7bee14476afa0f0557f564e9d0d61218a8b833d9b1f871fa5fba"
"checksum objc-foundation 0.1.1 (registry+https://github.com/rust-lang/crates.io-index)" = "1add1b659e36c9607c7aab864a76c7a4c2760cd0cd2e120f3fb8b952c7e22bf9"
"checksum objc_id 0.1.0 (registry+https://github.com/rust-lang/crates.io-index)" = "e4730aa1c64d722db45f7ccc4113a3e2c465d018de6db4d3e7dfe031e8c8a297"
"checksum openssl-sys 0.7.17 (registry+https://github.com/rust-lang/crates.io-index)" = "89c47ee94c352eea9ddaf8e364be7f978a3bb6d66d73176572484238dd5a5c3f"
"checksum ordered-float 0.1.0 (registry+https://github.com/rust-lang/crates.io-index)" = "4d961410be0435ccb80048a6516d95a4b91becde403a957d162f3fba4943b7e3"
"checksum pkg-config 0.3.8 (registry+https://github.com/rust-lang/crates.io-index)" = "8cee804ecc7eaf201a4a207241472cc870e825206f6c031e3ee2a72fa425f2fa"
"checksum pnacl-build-helper 1.4.10 (registry+https://github.com/rust-lang/crates.io-index)" = "61c9231d31aea845007443d62fcbb58bb6949ab9c18081ee1e09920e0cf1118b"
"checksum quick-error 1.1.0 (registry+https://github.com/rust-lang/crates.io-index)" = "0aad603e8d7fb67da22dbdf1f4b826ce8829e406124109e73cf1b2454b93a71c"
"checksum rand 0.3.14 (registry+https://github.com/rust-lang/crates.io-index)" = "2791d88c6defac799c3f20d74f094ca33b9332612d9aef9078519c82e4fe04a5"
"checksum rmp 0.7.5 (registry+https://github.com/rust-lang/crates.io-index)" = "a2da68cc45d803dfd68724d767363d82c6f76293a2bf5fe6ded34f640ee01447"
"checksum rustc-serialize 0.3.19 (registry+https://github.com/rust-lang/crates.io-index)" = "6159e4e6e559c81bd706afe9c8fd68f547d3e851ce12e76b1de7914bab61691b"
"checksum serde 0.7.15 (registry+https://github.com/rust-lang/crates.io-index)" = "1b0e0732aa8ec4267f61815a396a942ba3525062e3bd5520aa8419927cfc0a92"
"checksum serde-value 0.2.1 (registry+https://github.com/rust-lang/crates.io-index)" = "d94076c6c6e05aaf18beaa024fb789f372be9a1dccbcf66e5748fdfe8cb2a00c"
"checksum serde_yaml 0.2.5 (registry+https://github.com/rust-lang/crates.io-index)" = "1b1697437d76a35ed1e80a54e0e75ae4f5594fd3cc5ee8790c23fce8c08a2fad"
"checksum sha2 0.1.2 (registry+https://github.com/rust-lang/crates.io-index)" = "e0cd9505afe45df2b8bdda585776281c7b29eb9d0e34b1e6dd2b12cba5d4ae1e"
"checksum strsim 0.5.1 (registry+https://github.com/rust-lang/crates.io-index)" = "50c069df92e4b01425a8bf3576d5d417943a6a7272fbabaf5bd80b1aaa76442e"
"checksum tempdir 0.3.5 (registry+https://github.com/rust-lang/crates.io-index)" = "87974a6f5c1dfb344d733055601650059a3363de2a6104819293baff662132d6"
"checksum term_size 0.2.1 (registry+https://github.com/rust-lang/crates.io-index)" = "3f7f5f3f71b0040cecc71af239414c23fd3c73570f5ff54cf50e03cef637f2a0"
"checksum time 0.1.35 (registry+https://github.com/rust-lang/crates.io-index)" = "3c7ec6d62a20df54e07ab3b78b9a3932972f4b7981de295563686849eb3989af"
"checksum traitobject 0.0.3 (registry+https://github.com/rust-lang/crates.io-index)" = "9dc23794ff47c95882da6f9d15de9a6be14987760a28cc0aafb40b7675ef09d8"
"checksum typemap 0.3.3 (registry+https://github.com/rust-lang/crates.io-index)" = "653be63c80a3296da5551e1bfd2cca35227e13cdd08c6668903ae2f4f77aa1f6"
"checksum unicode-bidi 0.2.3 (registry+https://github.com/rust-lang/crates.io-index)" = "c1f7ceb96afdfeedee42bade65a0d585a6a0106f681b6749c8ff4daa8df30b3f"
"checksum unicode-normalization 0.1.2 (registry+https://github.com/rust-lang/crates.io-index)" = "26643a2f83bac55f1976fb716c10234485f9202dcd65cfbdf9da49867b271172"
"checksum unicode-segmentation 0.1.2 (registry+https://github.com/rust-lang/crates.io-index)" = "b905d0fc2a1f0befd86b0e72e31d1787944efef9d38b9358a9e92a69757f7e3b"
"checksum unicode-width 0.1.3 (registry+https://github.com/rust-lang/crates.io-index)" = "2d6722facc10989f63ee0e20a83cd4e1714a9ae11529403ac7e0afd069abc39e"
"checksum unsafe-any 0.4.1 (registry+https://github.com/rust-lang/crates.io-index)" = "b351086021ebc264aea3ab4f94d61d889d98e5e9ec2d985d993f50133537fd3a"
"checksum url 1.2.0 (registry+https://github.com/rust-lang/crates.io-index)" = "afe9ec54bc4db14bc8744b7fed060d785ac756791450959b2248443319d5b119"
"checksum user32-sys 0.2.0 (registry+https://github.com/rust-lang/crates.io-index)" = "4ef4711d107b21b410a3a974b1204d9accc8b10dad75d8324b5d755de1617d47"
"checksum vec_map 0.6.0 (registry+https://github.com/rust-lang/crates.io-index)" = "cac5efe5cb0fa14ec2f84f83c701c562ee63f6dcc680861b21d65c682adfb05f"
"checksum winapi 0.2.8 (registry+https://github.com/rust-lang/crates.io-index)" = "167dc9d6949a9b857f3451275e911c3f44255842c1f7a76f33c55103a909087a"
"checksum winapi-build 0.1.1 (registry+https://github.com/rust-lang/crates.io-index)" = "2d315eee3b34aca4797b2da6b13ed88266e6d612562a0c46390af8299fc699bc"
"checksum windows-error 1.0.0 (registry+https://github.com/rust-lang/crates.io-index)" = "dfa34b3180ad6b4fe63cbc4fb773da4a83c5b3db8db15789051a4785f2b43e58"
"checksum x11 2.8.0 (registry+https://github.com/rust-lang/crates.io-index)" = "bfc828b6baf54ccdde44e0b5f16e035ab9c54f60a0f0c218fb5ddbc6ab38a2a9"
"checksum yaml-rust 0.3.3 (registry+https://github.com/rust-lang/crates.io-index)" = "ebfe12f475ad59be6178ebf004d51e682022496535994f8d23fd7ed31084598c"
