# This file is automatically @generated by Cargo.
# It is not intended for manual editing.
[[package]]
name = "char16-literal"
version = "0.1.0"

[[package]]
name = "core-rt"
version = "0.1.0"

[[package]]
name = "efi"
version = "0.1.0"

[[package]]
name = "yboot2"
version = "0.1.0"
dependencies = [
 "char16-literal",
 "core-rt",
 "efi",
 "yboot2-proto",
]

[[package]]
name = "yboot2-proto"
version = "0.1.0"
source = "git+https://git.alnyan.me/yggdrasil/yboot2-proto.git#f9c0ad12f7d225a99b7a3c31417576fcd46d8b7a"
