[[package]]
name = "eval"
version = "0.1.0"
dependencies = [
 "eval 0.4.2 (registry+https://github.com/rust-lang/crates.io-index)",
]

[[package]]
name = "eval"
version = "0.4.2"
source = "registry+https://github.com/rust-lang/crates.io-index"
dependencies = [
 "quick-error 1.2.2 (registry+https://github.com/rust-lang/crates.io-index)",
 "serde 1.0.71 (registry+https://github.com/rust-lang/crates.io-index)",
 "serde_json 1.0.26 (registry+https://github.com/rust-lang/crates.io-index)",
]

[[package]]
name = "itoa"
version = "0.4.2"
source = "registry+https://github.com/rust-lang/crates.io-index"

[[package]]
name = "quick-error"
version = "1.2.2"
source = "registry+https://github.com/rust-lang/crates.io-index"

[[package]]
name = "ryu"
version = "0.2.3"
source = "registry+https://github.com/rust-lang/crates.io-index"

[[package]]
name = "serde"
version = "1.0.71"
source = "registry+https://github.com/rust-lang/crates.io-index"

[[package]]
name = "serde_json"
version = "1.0.26"
source = "registry+https://github.com/rust-lang/crates.io-index"
dependencies = [
 "itoa 0.4.2 (registry+https://github.com/rust-lang/crates.io-index)",
 "ryu 0.2.3 (registry+https://github.com/rust-lang/crates.io-index)",
 "serde 1.0.71 (registry+https://github.com/rust-lang/crates.io-index)",
]

[metadata]
"checksum eval 0.4.2 (registry+https://github.com/rust-lang/crates.io-index)" = "46cfe12d67bb96ce6848a2967726b37aaa828a8f5da571c13ac4637a85d11511"
"checksum itoa 0.4.2 (registry+https://github.com/rust-lang/crates.io-index)" = "5adb58558dcd1d786b5f0bd15f3226ee23486e24b7b58304b60f64dc68e62606"
"checksum quick-error 1.2.2 (registry+https://github.com/rust-lang/crates.io-index)" = "9274b940887ce9addde99c4eee6b5c44cc494b182b97e73dc8ffdcb3397fd3f0"
"checksum ryu 0.2.3 (registry+https://github.com/rust-lang/crates.io-index)" = "16aa12da69951804cddf5f74d96abcc414a31b064e610dc81e37c1536082f491"
"checksum serde 1.0.71 (registry+https://github.com/rust-lang/crates.io-index)" = "6dfad05c8854584e5f72fb859385ecdfa03af69c3fd0572f0da2d4c95f060bdb"
"checksum serde_json 1.0.26 (registry+https://github.com/rust-lang/crates.io-index)" = "44dd2cfde475037451fa99b7e5df77aa3cfd1536575fa8e7a538ab36dcde49ae"
