# This file is automatically @generated by Cargo.
# It is not intended for manual editing.
[[package]]
name = "SimpleUniplexedWindowManager"
version = "0.1.0"
dependencies = [
 "xinerama",
 "xlib 0.1.0 (git+https://github.com/Kintaro/rust-xlib.git?branch=class_hint)",
]

[[package]]
name = "bitflags"
version = "0.1.1"
source = "registry+https://github.com/rust-lang/crates.io-index"
checksum = "2a6577517ecd0ee0934f48a7295a89aaef3e6dfafeac404f94c0b3448518ddfe"

[[package]]
name = "libc"
version = "0.2.86"
source = "registry+https://github.com/rust-lang/crates.io-index"
checksum = "b7282d924be3275cec7f6756ff4121987bc6481325397dde6ba3e7802b1a8b1c"

[[package]]
name = "xinerama"
version = "0.0.1"
source = "git+https://github.com/Kintaro/rust-xinerama.git#3d0e3cbf923b9c5919503502b48c50b993cee6e5"
dependencies = [
 "libc",
 "xlib 0.1.0 (git+https://github.com/Kintaro/rust-xlib.git?branch=wtftw)",
]

[[package]]
name = "xlib"
version = "0.1.0"
source = "git+https://github.com/Kintaro/rust-xlib.git?branch=class_hint#4975fcbba9899c1b26704552382c77c1b22b113c"

[[package]]
name = "xlib"
version = "0.1.0"
source = "git+https://github.com/Kintaro/rust-xlib.git?branch=wtftw#a4bbc864bae81e58f5d74b0a0aadaa9fa1022071"
dependencies = [
 "bitflags",
 "libc",
]
