# This file is automatically @generated by Cargo.
# It is not intended for manual editing.
[[package]]
name = "rustc_lexer"
version = "0.1.0"
source = "registry+https://github.com/rust-lang/crates.io-index"
checksum = "c86aae0c77166108c01305ee1a36a1e77289d7dc6ca0a3cd91ff4992de2d16a5"
dependencies = [
 "unicode-xid",
]

[[package]]
name = "toake"
version = "0.1.0"
dependencies = [
 "rustc_lexer",
]

[[package]]
name = "unicode-xid"
version = "0.2.1"
source = "registry+https://github.com/rust-lang/crates.io-index"
checksum = "f7fe0bb3479651439c9112f72b6c505038574c9fbb575ed1bf3b797fa39dd564"
