# This file is automatically @generated by Cargo.
# It is not intended for manual editing.
[[package]]
name = "indenty"
version = "0.1.0"
dependencies = [
 "pretty 0.5.2 (registry+https://github.com/rust-lang/crates.io-index)",
 "vec1 1.4.0 (registry+https://github.com/rust-lang/crates.io-index)",
]

[[package]]
name = "pretty"
version = "0.5.2"
source = "registry+https://github.com/rust-lang/crates.io-index"
dependencies = [
 "typed-arena 1.5.0 (registry+https://github.com/rust-lang/crates.io-index)",
]

[[package]]
name = "typed-arena"
version = "1.5.0"
source = "registry+https://github.com/rust-lang/crates.io-index"

[[package]]
name = "vec1"
version = "1.4.0"
source = "registry+https://github.com/rust-lang/crates.io-index"

[metadata]
"checksum pretty 0.5.2 (registry+https://github.com/rust-lang/crates.io-index)" = "f60c0d9f6fc88ecdd245d90c1920ff76a430ab34303fc778d33b1d0a4c3bf6d3"
"checksum typed-arena 1.5.0 (registry+https://github.com/rust-lang/crates.io-index)" = "7f70f5c346cc11bc044ae427ab2feae213350dca9e2d637047797d5ff316a646"
"checksum vec1 1.4.0 (registry+https://github.com/rust-lang/crates.io-index)" = "d2ad2a3844cc028661fe02ab1fa64c117ce726ed268d0b93a56d8c2d5a96f961"
