# This file is automatically @generated by Cargo.
# It is not intended for manual editing.
[[package]]
name = "argparse"
version = "0.2.1"
source = "registry+https://github.com/rust-lang/crates.io-index"

[[package]]
name = "bitstream-io"
version = "0.6.1"
source = "registry+https://github.com/rust-lang/crates.io-index"

[[package]]
name = "libc"
version = "0.2.26"
source = "registry+https://github.com/rust-lang/crates.io-index"

[[package]]
name = "libsodium-sys"
version = "0.0.15"
source = "registry+https://github.com/rust-lang/crates.io-index"
dependencies = [
 "libc 0.2.26 (registry+https://github.com/rust-lang/crates.io-index)",
 "pkg-config 0.3.9 (registry+https://github.com/rust-lang/crates.io-index)",
]

[[package]]
name = "pkg-config"
version = "0.3.9"
source = "registry+https://github.com/rust-lang/crates.io-index"

[[package]]
name = "rtl-entropy-rs"
version = "0.1.0"
dependencies = [
 "argparse 0.2.1 (registry+https://github.com/rust-lang/crates.io-index)",
 "bitstream-io 0.6.1 (registry+https://github.com/rust-lang/crates.io-index)",
 "rtl-sdr 0.1.5 (registry+https://github.com/rust-lang/crates.io-index)",
 "sodiumoxide 0.0.15 (registry+https://github.com/rust-lang/crates.io-index)",
]

[[package]]
name = "rtl-sdr"
version = "0.1.5"
source = "registry+https://github.com/rust-lang/crates.io-index"

[[package]]
name = "serde"
version = "1.0.10"
source = "registry+https://github.com/rust-lang/crates.io-index"

[[package]]
name = "sodiumoxide"
version = "0.0.15"
source = "registry+https://github.com/rust-lang/crates.io-index"
dependencies = [
 "libc 0.2.26 (registry+https://github.com/rust-lang/crates.io-index)",
 "libsodium-sys 0.0.15 (registry+https://github.com/rust-lang/crates.io-index)",
 "serde 1.0.10 (registry+https://github.com/rust-lang/crates.io-index)",
]

[metadata]
"checksum argparse 0.2.1 (registry+https://github.com/rust-lang/crates.io-index)" = "37bb99f5e39ee8b23b6e227f5b8f024207e8616f44aa4b8c76ecd828011667ef"
"checksum bitstream-io 0.6.1 (registry+https://github.com/rust-lang/crates.io-index)" = "f772fe14aa1856dd6ae15af96de288ac0976f657e6267beed1757dde3417dcd3"
"checksum libc 0.2.26 (registry+https://github.com/rust-lang/crates.io-index)" = "30885bcb161cf67054244d10d4a7f4835ffd58773bc72e07d35fecf472295503"
"checksum libsodium-sys 0.0.15 (registry+https://github.com/rust-lang/crates.io-index)" = "45e6d6bd0f1b72068272e1689693e3218f192221fae7a2046081f60035540df8"
"checksum pkg-config 0.3.9 (registry+https://github.com/rust-lang/crates.io-index)" = "3a8b4c6b8165cd1a1cd4b9b120978131389f64bdaf456435caa41e630edba903"
"checksum rtl-sdr 0.1.5 (registry+https://github.com/rust-lang/crates.io-index)" = "06fdb7092d7807b9d33920d8e0ba1d0258dbaf9676f6c4c87dcf7223b4c4599b"
"checksum serde 1.0.10 (registry+https://github.com/rust-lang/crates.io-index)" = "433d7d9f8530d5a939ad5e0e72a6243d2e42a24804f70bf592c679363dcacb2f"
"checksum sodiumoxide 0.0.15 (registry+https://github.com/rust-lang/crates.io-index)" = "769317362b6ba15fe135147c9ea97dc773c76a312a5b91282dea27bcfed3596c"
