# This file is automatically @generated by Cargo.
# It is not intended for manual editing.
[[package]]
name = "anyhow"
version = "1.0.34"
source = "registry+https://github.com/rust-lang/crates.io-index"
checksum = "bf8dcb5b4bbaa28653b647d8c77bd4ed40183b48882e130c1f1ffb73de069fd7"

[[package]]
name = "cc"
version = "1.0.65"
source = "registry+https://github.com/rust-lang/crates.io-index"
checksum = "95752358c8f7552394baf48cd82695b345628ad3f170d607de3ca03b8dacca15"
dependencies = [
 "jobserver",
]

[[package]]
name = "glestest"
version = "0.1.0"
dependencies = [
 "anyhow",
 "khronos-egl",
 "rs-gles3",
]

[[package]]
name = "jobserver"
version = "0.1.21"
source = "registry+https://github.com/rust-lang/crates.io-index"
checksum = "5c71313ebb9439f74b00d9d2dcec36440beaf57a6aa0623068441dd7cd81a7f2"
dependencies = [
 "libc 0.2.80",
]

[[package]]
name = "khronos"
version = "0.1.2"
source = "registry+https://github.com/rust-lang/crates.io-index"
checksum = "c0711aaa80e6ba6eb1fa8978f1f46bfcb38ceb2f3f33f3736efbff39dac89f50"
dependencies = [
 "libc 0.1.12",
]

[[package]]
name = "khronos-egl"
version = "2.1.1"
source = "registry+https://github.com/rust-lang/crates.io-index"
checksum = "4ba35280f59eaad0529951ae6ce84357cc954af38c6c74319884f7bdda4df53d"
dependencies = [
 "khronos",
 "libc 0.2.80",
 "pkg-config",
]

[[package]]
name = "libc"
version = "0.1.12"
source = "registry+https://github.com/rust-lang/crates.io-index"
checksum = "e32a70cf75e5846d53a673923498228bbec6a8624708a9ea5645f075d6276122"

[[package]]
name = "libc"
version = "0.2.80"
source = "registry+https://github.com/rust-lang/crates.io-index"
checksum = "4d58d1b70b004888f764dfbf6a26a3b0342a1632d33968e4a179d8011c760614"

[[package]]
name = "pkg-config"
version = "0.3.19"
source = "registry+https://github.com/rust-lang/crates.io-index"
checksum = "3831453b3449ceb48b6d9c7ad7c96d5ea673e9b470a1dc578c2ce6521230884c"

[[package]]
name = "rs-ctypes"
version = "0.1.1"
source = "registry+https://github.com/rust-lang/crates.io-index"
checksum = "cd364fec4e3e388dab3f8113c1687beb3ea090373efe03a8f51b4b0fc360fa9d"

[[package]]
name = "rs-gles3"
version = "0.1.0"
source = "git+https://github.com/Mersive-Technologies/rs-gles3.git?branch=bg_gles3_link#66f19b3f5d5ee2514c8f9fb96c44ac94f6b0c629"
dependencies = [
 "cc",
 "rs-ctypes",
]
