[[package]]
name = "cc"
version = "1.0.18"
source = "registry+https://github.com/rust-lang/crates.io-index"

[[package]]
name = "cfg-if"
version = "0.1.4"
source = "registry+https://github.com/rust-lang/crates.io-index"

[[package]]
name = "cmake"
version = "0.1.31"
source = "registry+https://github.com/rust-lang/crates.io-index"
dependencies = [
 "cc 1.0.18 (registry+https://github.com/rust-lang/crates.io-index)",
]

[[package]]
name = "futures"
version = "0.1.23"
source = "registry+https://github.com/rust-lang/crates.io-index"

[[package]]
name = "grpcio"
version = "0.3.0"
source = "registry+https://github.com/rust-lang/crates.io-index"
dependencies = [
 "futures 0.1.23 (registry+https://github.com/rust-lang/crates.io-index)",
 "grpcio-sys 0.2.3 (registry+https://github.com/rust-lang/crates.io-index)",
 "libc 0.2.42 (registry+https://github.com/rust-lang/crates.io-index)",
 "log 0.3.9 (registry+https://github.com/rust-lang/crates.io-index)",
 "protobuf 2.0.4 (registry+https://github.com/rust-lang/crates.io-index)",
]

[[package]]
name = "grpcio-sys"
version = "0.2.3"
source = "registry+https://github.com/rust-lang/crates.io-index"
dependencies = [
 "cc 1.0.18 (registry+https://github.com/rust-lang/crates.io-index)",
 "cmake 0.1.31 (registry+https://github.com/rust-lang/crates.io-index)",
 "libc 0.2.42 (registry+https://github.com/rust-lang/crates.io-index)",
 "pkg-config 0.3.12 (registry+https://github.com/rust-lang/crates.io-index)",
]

[[package]]
name = "kontakto-server"
version = "0.1.0"
dependencies = [
 "futures 0.1.23 (registry+https://github.com/rust-lang/crates.io-index)",
 "grpcio 0.3.0 (registry+https://github.com/rust-lang/crates.io-index)",
 "protobuf 2.0.4 (registry+https://github.com/rust-lang/crates.io-index)",
]

[[package]]
name = "libc"
version = "0.2.42"
source = "registry+https://github.com/rust-lang/crates.io-index"

[[package]]
name = "log"
version = "0.3.9"
source = "registry+https://github.com/rust-lang/crates.io-index"
dependencies = [
 "log 0.4.3 (registry+https://github.com/rust-lang/crates.io-index)",
]

[[package]]
name = "log"
version = "0.4.3"
source = "registry+https://github.com/rust-lang/crates.io-index"
dependencies = [
 "cfg-if 0.1.4 (registry+https://github.com/rust-lang/crates.io-index)",
]

[[package]]
name = "pkg-config"
version = "0.3.12"
source = "registry+https://github.com/rust-lang/crates.io-index"

[[package]]
name = "protobuf"
version = "2.0.4"
source = "registry+https://github.com/rust-lang/crates.io-index"

[metadata]
"checksum cc 1.0.18 (registry+https://github.com/rust-lang/crates.io-index)" = "2119ea4867bd2b8ed3aecab467709720b2d55b1bcfe09f772fd68066eaf15275"
"checksum cfg-if 0.1.4 (registry+https://github.com/rust-lang/crates.io-index)" = "efe5c877e17a9c717a0bf3613b2709f723202c4e4675cc8f12926ded29bcb17e"
"checksum cmake 0.1.31 (registry+https://github.com/rust-lang/crates.io-index)" = "95470235c31c726d72bf2e1f421adc1e65b9d561bf5529612cbe1a72da1467b3"
"checksum futures 0.1.23 (registry+https://github.com/rust-lang/crates.io-index)" = "884dbe32a6ae4cd7da5c6db9b78114449df9953b8d490c9d7e1b51720b922c62"
"checksum grpcio 0.3.0 (registry+https://github.com/rust-lang/crates.io-index)" = "6420fb7aca82b4bf1cf98aa2c70a55cb0cbaa4c5152ba51a47c37d758ac27b2d"
"checksum grpcio-sys 0.2.3 (registry+https://github.com/rust-lang/crates.io-index)" = "5d45a6906ba6faa1be0f04bb61c0a49aef5f279f090b0d24d81912c1c08b995e"
"checksum libc 0.2.42 (registry+https://github.com/rust-lang/crates.io-index)" = "b685088df2b950fccadf07a7187c8ef846a959c142338a48f9dc0b94517eb5f1"
"checksum log 0.3.9 (registry+https://github.com/rust-lang/crates.io-index)" = "e19e8d5c34a3e0e2223db8e060f9e8264aeeb5c5fc64a4ee9965c062211c024b"
"checksum log 0.4.3 (registry+https://github.com/rust-lang/crates.io-index)" = "61bd98ae7f7b754bc53dca7d44b604f733c6bba044ea6f41bc8d89272d8161d2"
"checksum pkg-config 0.3.12 (registry+https://github.com/rust-lang/crates.io-index)" = "6a52e4dbc8354505ee07e484ab07127e06d87ca6fa7f0a516a2b294e5ad5ad16"
"checksum protobuf 2.0.4 (registry+https://github.com/rust-lang/crates.io-index)" = "128a4f37a2df739a567a8685b17f54aa19b9c3c4a6a5b8731e97a419b3db451c"
