# This file is automatically @generated by Cargo.
# It is not intended for manual editing.
[[package]]
name = "cam_dos"
version = "0.1.0"
dependencies = [
 "tock-registers",
]

[[package]]
name = "tock-registers"
version = "0.5.0"
source = "git+https://github.com/tock/tock/#cd9affd382b1346da6faa2c538821112fb759254"
