# This file is automatically @generated by Cargo.
# It is not intended for manual editing.
[[package]]
name = "code-tokenizer"
version = "0.1.0"
source = "registry+https://github.com/rust-lang/crates.io-index"

[[package]]
name = "syscode"
version = "0.1.0"
dependencies = [
 "code-tokenizer 0.1.0 (registry+https://github.com/rust-lang/crates.io-index)",
]

[metadata]
"checksum code-tokenizer 0.1.0 (registry+https://github.com/rust-lang/crates.io-index)" = "6b7238bc8b031cccca70a6bde7c27698ca3deab912226b2942afddc41accf6aa"
