# This file is automatically @generated by Cargo.
# It is not intended for manual editing.
[[package]]
name = "anyhow"
version = "1.0.34"
source = "registry+https://github.com/rust-lang/crates.io-index"
checksum = "bf8dcb5b4bbaa28653b647d8c77bd4ed40183b48882e130c1f1ffb73de069fd7"

[[package]]
name = "base64"
version = "0.13.0"
source = "registry+https://github.com/rust-lang/crates.io-index"
checksum = "904dfeac50f3cdaba28fc6f57fdcddb75f49ed61346676a78c4ffe55877802fd"

[[package]]
name = "http_parser"
version = "0.0.2"
source = "registry+https://github.com/rust-lang/crates.io-index"
checksum = "51920dcf9ba510c41992f2095e8a2fc7f1c34f3613c83d1c4432c32145baf3a5"

[[package]]
name = "httptun"
version = "0.1.0"
dependencies = [
 "anyhow",
 "base64",
 "http_parser",
]
