[[package]]
name = "SokoBan"
version = "0.1.0"
dependencies = [
 "lazy_static 1.0.2 (registry+https://github.com/rust-lang/crates.io-index)",
 "void 1.0.2 (registry+https://github.com/rust-lang/crates.io-index)",
]

[[package]]
name = "lazy_static"
version = "1.0.2"
source = "registry+https://github.com/rust-lang/crates.io-index"

[[package]]
name = "void"
version = "1.0.2"
source = "registry+https://github.com/rust-lang/crates.io-index"

[metadata]
"checksum lazy_static 1.0.2 (registry+https://github.com/rust-lang/crates.io-index)" = "fb497c35d362b6a331cfd94956a07fc2c78a4604cdbee844a81170386b996dd3"
"checksum void 1.0.2 (registry+https://github.com/rust-lang/crates.io-index)" = "6a02e4885ed3bc0f2de90ea6dd45ebcbb66dacffe03547fadbb0eeae2770887d"
