# This file is automatically @generated by Cargo.
# It is not intended for manual editing.
[[package]]
name = "ll_lexer"
version = "0.1.0"
source = "git+https://github.com/AlexisAuriac/rust_ll_lexer.git#1865f5eddf9d7ff659ce46de7d2c0cb141a3d326"

[[package]]
name = "rust_json_parser"
version = "0.1.0"
dependencies = [
 "ll_lexer 0.1.0 (git+https://github.com/AlexisAuriac/rust_ll_lexer.git)",
]

[metadata]
"checksum ll_lexer 0.1.0 (git+https://github.com/AlexisAuriac/rust_ll_lexer.git)" = "<none>"
