# This file is automatically @generated by Cargo.
# It is not intended for manual editing.
[[package]]
name = "b_query"
version = "0.1.0"
dependencies = [
 "proc-macro-hack",
]

[[package]]
name = "proc-macro-hack"
version = "0.5.15"
source = "registry+https://github.com/rust-lang/crates.io-index"
checksum = "0d659fe7c6d27f25e9d80a1a094c223f5246f6a6596453e09d7229bf42750b63"

[[package]]
name = "temp"
version = "0.1.0"
dependencies = [
 "b_query",
 "proc-macro-hack",
]
