[[package]]
name = "cc"
version = "1.0.23"
source = "registry+https://github.com/rust-lang/crates.io-index"

[[package]]
name = "cfg-if"
version = "0.1.5"
source = "registry+https://github.com/rust-lang/crates.io-index"

[[package]]
name = "cmake"
version = "0.1.33"
source = "registry+https://github.com/rust-lang/crates.io-index"
dependencies = [
 "cc 1.0.23 (registry+https://github.com/rust-lang/crates.io-index)",
]

[[package]]
name = "futures"
version = "0.1.23"
source = "registry+https://github.com/rust-lang/crates.io-index"

[[package]]
name = "grpcio"
version = "0.3.0"
source = "registry+https://github.com/rust-lang/crates.io-index"
dependencies = [
 "futures 0.1.23 (registry+https://github.com/rust-lang/crates.io-index)",
 "grpcio-sys 0.2.3 (registry+https://github.com/rust-lang/crates.io-index)",
 "libc 0.2.43 (registry+https://github.com/rust-lang/crates.io-index)",
 "log 0.3.9 (registry+https://github.com/rust-lang/crates.io-index)",
 "protobuf 2.0.4 (registry+https://github.com/rust-lang/crates.io-index)",
]

[[package]]
name = "grpcio-sys"
version = "0.2.3"
source = "registry+https://github.com/rust-lang/crates.io-index"
dependencies = [
 "cc 1.0.23 (registry+https://github.com/rust-lang/crates.io-index)",
 "cmake 0.1.33 (registry+https://github.com/rust-lang/crates.io-index)",
 "libc 0.2.43 (registry+https://github.com/rust-lang/crates.io-index)",
 "pkg-config 0.3.14 (registry+https://github.com/rust-lang/crates.io-index)",
]

[[package]]
name = "libc"
version = "0.2.43"
source = "registry+https://github.com/rust-lang/crates.io-index"

[[package]]
name = "log"
version = "0.3.9"
source = "registry+https://github.com/rust-lang/crates.io-index"
dependencies = [
 "log 0.4.4 (registry+https://github.com/rust-lang/crates.io-index)",
]

[[package]]
name = "log"
version = "0.4.4"
source = "registry+https://github.com/rust-lang/crates.io-index"
dependencies = [
 "cfg-if 0.1.5 (registry+https://github.com/rust-lang/crates.io-index)",
]

[[package]]
name = "pkg-config"
version = "0.3.14"
source = "registry+https://github.com/rust-lang/crates.io-index"

[[package]]
name = "protobuf"
version = "2.0.4"
source = "registry+https://github.com/rust-lang/crates.io-index"

[[package]]
name = "test-grpc-rs"
version = "0.1.0"
dependencies = [
 "futures 0.1.23 (registry+https://github.com/rust-lang/crates.io-index)",
 "grpcio 0.3.0 (registry+https://github.com/rust-lang/crates.io-index)",
 "protobuf 2.0.4 (registry+https://github.com/rust-lang/crates.io-index)",
]

[metadata]
"checksum cc 1.0.23 (registry+https://github.com/rust-lang/crates.io-index)" = "c37f0efaa4b9b001fa6f02d4b644dee4af97d3414df07c51e3e4f015f3a3e131"
"checksum cfg-if 0.1.5 (registry+https://github.com/rust-lang/crates.io-index)" = "0c4e7bb64a8ebb0d856483e1e682ea3422f883c5f5615a90d51a2c82fe87fdd3"
"checksum cmake 0.1.33 (registry+https://github.com/rust-lang/crates.io-index)" = "704fbf3bb5149daab0afb255dbea24a1f08d2f4099cedb9baab6d470d4c5eefb"
"checksum futures 0.1.23 (registry+https://github.com/rust-lang/crates.io-index)" = "884dbe32a6ae4cd7da5c6db9b78114449df9953b8d490c9d7e1b51720b922c62"
"checksum grpcio 0.3.0 (registry+https://github.com/rust-lang/crates.io-index)" = "6420fb7aca82b4bf1cf98aa2c70a55cb0cbaa4c5152ba51a47c37d758ac27b2d"
"checksum grpcio-sys 0.2.3 (registry+https://github.com/rust-lang/crates.io-index)" = "5d45a6906ba6faa1be0f04bb61c0a49aef5f279f090b0d24d81912c1c08b995e"
"checksum libc 0.2.43 (registry+https://github.com/rust-lang/crates.io-index)" = "76e3a3ef172f1a0b9a9ff0dd1491ae5e6c948b94479a3021819ba7d860c8645d"
"checksum log 0.3.9 (registry+https://github.com/rust-lang/crates.io-index)" = "e19e8d5c34a3e0e2223db8e060f9e8264aeeb5c5fc64a4ee9965c062211c024b"
"checksum log 0.4.4 (registry+https://github.com/rust-lang/crates.io-index)" = "cba860f648db8e6f269df990180c2217f333472b4a6e901e97446858487971e2"
"checksum pkg-config 0.3.14 (registry+https://github.com/rust-lang/crates.io-index)" = "676e8eb2b1b4c9043511a9b7bea0915320d7e502b0a079fb03f9635a5252b18c"
"checksum protobuf 2.0.4 (registry+https://github.com/rust-lang/crates.io-index)" = "128a4f37a2df739a567a8685b17f54aa19b9c3c4a6a5b8731e97a419b3db451c"
