[[package]]
name = "macrotest"
version = "0.1.0"
dependencies = [
 "mashup 0.1.9 (registry+https://github.com/rust-lang/crates.io-index)",
]

[[package]]
name = "mashup"
version = "0.1.9"
source = "registry+https://github.com/rust-lang/crates.io-index"
dependencies = [
 "mashup-impl 0.1.9 (registry+https://github.com/rust-lang/crates.io-index)",
 "proc-macro-hack 0.4.1 (registry+https://github.com/rust-lang/crates.io-index)",
]

[[package]]
name = "mashup-impl"
version = "0.1.9"
source = "registry+https://github.com/rust-lang/crates.io-index"
dependencies = [
 "proc-macro-hack 0.4.1 (registry+https://github.com/rust-lang/crates.io-index)",
 "proc-macro2 0.4.27 (registry+https://github.com/rust-lang/crates.io-index)",
]

[[package]]
name = "proc-macro-hack"
version = "0.4.1"
source = "registry+https://github.com/rust-lang/crates.io-index"
dependencies = [
 "proc-macro-hack-impl 0.4.1 (registry+https://github.com/rust-lang/crates.io-index)",
]

[[package]]
name = "proc-macro-hack-impl"
version = "0.4.1"
source = "registry+https://github.com/rust-lang/crates.io-index"

[[package]]
name = "proc-macro2"
version = "0.4.27"
source = "registry+https://github.com/rust-lang/crates.io-index"
dependencies = [
 "unicode-xid 0.1.0 (registry+https://github.com/rust-lang/crates.io-index)",
]

[[package]]
name = "unicode-xid"
version = "0.1.0"
source = "registry+https://github.com/rust-lang/crates.io-index"

[metadata]
"checksum mashup 0.1.9 (registry+https://github.com/rust-lang/crates.io-index)" = "f2d82b34c7fb11bb41719465c060589e291d505ca4735ea30016a91f6fc79c3b"
"checksum mashup-impl 0.1.9 (registry+https://github.com/rust-lang/crates.io-index)" = "aa607bfb674b4efb310512527d64266b065de3f894fc52f84efcbf7eaa5965fb"
"checksum proc-macro-hack 0.4.1 (registry+https://github.com/rust-lang/crates.io-index)" = "2c725b36c99df7af7bf9324e9c999b9e37d92c8f8caf106d82e1d7953218d2d8"
"checksum proc-macro-hack-impl 0.4.1 (registry+https://github.com/rust-lang/crates.io-index)" = "2b753ad9ed99dd8efeaa7d2fb8453c8f6bc3e54b97966d35f1bc77ca6865254a"
"checksum proc-macro2 0.4.27 (registry+https://github.com/rust-lang/crates.io-index)" = "4d317f9caece796be1980837fd5cb3dfec5613ebdb04ad0956deea83ce168915"
"checksum unicode-xid 0.1.0 (registry+https://github.com/rust-lang/crates.io-index)" = "fc72304796d0818e357ead4e000d19c9c174ab23dc11093ac919054d20a6a7fc"
