# This file is automatically @generated by Cargo.
# It is not intended for manual editing.
[[package]]
name = "dependency"
version = "0.1.0"
dependencies = [
 "dependency-with-version-mismatch 0.1.0",
]

[[package]]
name = "dependency-with-version-mismatch"
version = "0.1.0"

[[package]]
name = "dependency-with-version-mismatch"
version = "0.2.0"

[[package]]
name = "trait-mismatch-diagnostics"
version = "0.1.0"
dependencies = [
 "dependency 0.1.0",
 "dependency-with-version-mismatch 0.2.0",
]

