[root]
name = "gordon-algorithm"
version = "0.1.0"
dependencies = [
 "rust-gmp 0.3.2 (registry+https://github.com/rust-lang/crates.io-index)",
]

[[package]]
name = "libc"
version = "0.2.16"
source = "registry+https://github.com/rust-lang/crates.io-index"

[[package]]
name = "rust-gmp"
version = "0.3.2"
source = "registry+https://github.com/rust-lang/crates.io-index"
dependencies = [
 "libc 0.2.16 (registry+https://github.com/rust-lang/crates.io-index)",
]

[metadata]
"checksum libc 0.2.16 (registry+https://github.com/rust-lang/crates.io-index)" = "408014cace30ee0f767b1c4517980646a573ec61a57957aeeabcac8ac0a02e8d"
"checksum rust-gmp 0.3.2 (registry+https://github.com/rust-lang/crates.io-index)" = "4cd7d57377b309a73f69e164109203aa9ab3fee6ea68ac5fb76e2edb50662e9b"
