# This file is automatically @generated by Cargo.
# It is not intended for manual editing.
[[package]]
name = "path-slash"
version = "0.1.1"
source = "registry+https://github.com/rust-lang/crates.io-index"

[[package]]
name = "rtext"
version = "0.1.0"
dependencies = [
 "path-slash 0.1.1 (registry+https://github.com/rust-lang/crates.io-index)",
]

[metadata]
"checksum path-slash 0.1.1 (registry+https://github.com/rust-lang/crates.io-index)" = "a0858af4d9136275541f4eac7be1af70add84cf356d901799b065ac1b8ff6e2f"
