# This file is automatically @generated by Cargo.
# It is not intended for manual editing.
[[package]]
name = "cast_trait"
version = "0.1.2"
source = "registry+https://github.com/rust-lang/crates.io-index"

[[package]]
name = "num-traits"
version = "0.2.5"
source = "registry+https://github.com/rust-lang/crates.io-index"

[[package]]
name = "polygon2"
version = "0.3.0"
dependencies = [
 "num-traits 0.2.5 (registry+https://github.com/rust-lang/crates.io-index)",
 "vec2 0.2.0 (registry+https://github.com/rust-lang/crates.io-index)",
]

[[package]]
name = "vec2"
version = "0.2.0"
source = "registry+https://github.com/rust-lang/crates.io-index"
dependencies = [
 "cast_trait 0.1.2 (registry+https://github.com/rust-lang/crates.io-index)",
 "num-traits 0.2.5 (registry+https://github.com/rust-lang/crates.io-index)",
 "vec3 0.2.0 (registry+https://github.com/rust-lang/crates.io-index)",
]

[[package]]
name = "vec3"
version = "0.2.0"
source = "registry+https://github.com/rust-lang/crates.io-index"
dependencies = [
 "cast_trait 0.1.2 (registry+https://github.com/rust-lang/crates.io-index)",
 "num-traits 0.2.5 (registry+https://github.com/rust-lang/crates.io-index)",
]

[metadata]
"checksum cast_trait 0.1.2 (registry+https://github.com/rust-lang/crates.io-index)" = "c4f8d981c476baadf74cd52897866a1d279d3e14e2d5e2d9af045210e0ae6128"
"checksum num-traits 0.2.5 (registry+https://github.com/rust-lang/crates.io-index)" = "630de1ef5cc79d0cdd78b7e33b81f083cbfe90de0f4b2b2f07f905867c70e9fe"
"checksum vec2 0.2.0 (registry+https://github.com/rust-lang/crates.io-index)" = "d2737add76d35a0c7c2dcffb19a98944628b73469361d2b111a00230960610da"
"checksum vec3 0.2.0 (registry+https://github.com/rust-lang/crates.io-index)" = "214468db4daf1713feeba464c9fb164a0882033322d0abc4e2cd7cb2c7c7f56b"
