# This file is automatically @generated by Cargo.
# It is not intended for manual editing.
[[package]]
name = "integer-encoding"
version = "2.1.1"
source = "registry+https://github.com/rust-lang/crates.io-index"
checksum = "1ddae3dfefb8ba2cb7c2bab20594847cea19f0cd0f28d57a4e79a12ddcfa9940"

[[package]]
name = "minecraft-server"
version = "0.1.0"
dependencies = [
 "integer-encoding",
]
