[[package]]
name = "bitflags"
version = "1.0.1"
source = "registry+https://github.com/rust-lang/crates.io-index"

[[package]]
name = "fencedvar"
version = "0.1.0"

[[package]]
name = "rlibc"
version = "1.0.0"
source = "registry+https://github.com/rust-lang/crates.io-index"

[[package]]
name = "uefi"
version = "0.1.0"
source = "git+https://github.com/AdrianDanis/uefi-rs?branch=memorymap#193652ed309243613452a73e792b41801831048c"
dependencies = [
 "bitflags 1.0.1 (registry+https://github.com/rust-lang/crates.io-index)",
]

[[package]]
name = "uefi-example"
version = "0.1.0"
dependencies = [
 "fencedvar 0.1.0",
 "rlibc 1.0.0 (registry+https://github.com/rust-lang/crates.io-index)",
 "uefi 0.1.0 (git+https://github.com/AdrianDanis/uefi-rs?branch=memorymap)",
]

[metadata]
"checksum bitflags 1.0.1 (registry+https://github.com/rust-lang/crates.io-index)" = "b3c30d3802dfb7281680d6285f2ccdaa8c2d8fee41f93805dba5c4cf50dc23cf"
"checksum rlibc 1.0.0 (registry+https://github.com/rust-lang/crates.io-index)" = "fc874b127765f014d792f16763a81245ab80500e2ad921ed4ee9e82481ee08fe"
"checksum uefi 0.1.0 (git+https://github.com/AdrianDanis/uefi-rs?branch=memorymap)" = "<none>"
