[[package]]
name = "parallel_scaling"
version = "0.1.0"
dependencies = [
 "scoped_threadpool 0.1.8 (registry+https://github.com/rust-lang/crates.io-index)",
]

[[package]]
name = "scoped_threadpool"
version = "0.1.8"
source = "registry+https://github.com/rust-lang/crates.io-index"

[metadata]
"checksum scoped_threadpool 0.1.8 (registry+https://github.com/rust-lang/crates.io-index)" = "4ea459fe3ceff01e09534847c49860891d3ff1c12b4eb7731b67f2778fb60190"
