# This file is automatically @generated by Cargo.
# It is not intended for manual editing.
[[package]]
name = "easy_strings"
version = "0.2.0"
source = "registry+https://github.com/rust-lang/crates.io-index"
checksum = "2b6a57146ef7e1f37e3020e4665693da6cf3615c208213de12aed08e781b7288"
dependencies = [
 "lazy_static",
 "owning_ref",
]

[[package]]
name = "lazy_static"
version = "0.2.11"
source = "registry+https://github.com/rust-lang/crates.io-index"
checksum = "76f033c7ad61445c5b347c7382dd1237847eb1bce590fe50365dcb33d546be73"

[[package]]
name = "lucid-dreams"
version = "0.1.0"
dependencies = [
 "easy_strings",
]

[[package]]
name = "owning_ref"
version = "0.3.3"
source = "registry+https://github.com/rust-lang/crates.io-index"
checksum = "cdf84f41639e037b484f93433aa3897863b561ed65c6e59c7073d7c561710f37"
dependencies = [
 "stable_deref_trait",
]

[[package]]
name = "stable_deref_trait"
version = "1.2.0"
source = "registry+https://github.com/rust-lang/crates.io-index"
checksum = "a8f112729512f8e442d81f95a8a7ddf2b7c6b8a1a6f509a95864142b30cab2d3"
